// !$*UTF8*$!
{
	archiveVersion = 1;
	classes = {
	};
	objectVersion = 56;
	objects = {

/* Begin PBXBuildFile section */
		1F88F0CB2BA95B5800C0D831 /* UIcolor.swift in Sources */ = {isa = PBXBuildFile; fileRef = 1F88F0CA2BA95B5800C0D831 /* UIcolor.swift */; };
		1F88F0CD2BA99C9500C0D831 /* PlusViewController.swift in Sources */ = {isa = PBXBuildFile; fileRef = 1F88F0CC2BA99C9500C0D831 /* PlusViewController.swift */; };
		1F88F0D02BA9A1B600C0D831 /* DetailTableViewCell.swift in Sources */ = {isa = PBXBuildFile; fileRef = 1F88F0CE2BA9A1B600C0D831 /* DetailTableViewCell.swift */; };
		1F88F0D12BA9A1B600C0D831 /* DetailTableViewCell.xib in Resources */ = {isa = PBXBuildFile; fileRef = 1F88F0CF2BA9A1B600C0D831 /* DetailTableViewCell.xib */; };
		1F9013812BB5666C00A2AD1C /* UserDetailTableViewCell.swift in Sources */ = {isa = PBXBuildFile; fileRef = 1F90137F2BB5666C00A2AD1C /* UserDetailTableViewCell.swift */; };
		1F9013822BB5666C00A2AD1C /* UserDetailTableViewCell.xib in Resources */ = {isa = PBXBuildFile; fileRef = 1F9013802BB5666C00A2AD1C /* UserDetailTableViewCell.xib */; };
		1FBB1E162BAAA4C500177941 /* SideMenuViewController.swift in Sources */ = {isa = PBXBuildFile; fileRef = 1FBB1E152BAAA4C500177941 /* SideMenuViewController.swift */; };
		1FBB1E1C2BAAE89100177941 /* CreateLabelViewController.swift in Sources */ = {isa = PBXBuildFile; fileRef = 1FBB1E1B2BAAE89100177941 /* CreateLabelViewController.swift */; };
		1FBB1E1E2BAB141B00177941 /* ManageViewController.swift in Sources */ = {isa = PBXBuildFile; fileRef = 1FBB1E1D2BAB141B00177941 /* ManageViewController.swift */; };
		1FC4549F2BABFC0F004B398E /* HighlightsViewController.swift in Sources */ = {isa = PBXBuildFile; fileRef = 1FC4549E2BABFC0F004B398E /* HighlightsViewController.swift */; };
		1FC454A22BAC017F004B398E /* FirstTableViewCell.swift in Sources */ = {isa = PBXBuildFile; fileRef = 1FC454A02BAC017F004B398E /* FirstTableViewCell.swift */; };
		1FC454A32BAC017F004B398E /* FirstTableViewCell.xib in Resources */ = {isa = PBXBuildFile; fileRef = 1FC454A12BAC017F004B398E /* FirstTableViewCell.xib */; };
		1FC454A62BAC020E004B398E /* SecondTableViewCell.swift in Sources */ = {isa = PBXBuildFile; fileRef = 1FC454A42BAC020E004B398E /* SecondTableViewCell.swift */; };
		1FC454A72BAC020E004B398E /* SecondTableViewCell.xib in Resources */ = {isa = PBXBuildFile; fileRef = 1FC454A52BAC020E004B398E /* SecondTableViewCell.xib */; };
		1FC454AA2BAC029A004B398E /* SecondSubTableViewCell.swift in Sources */ = {isa = PBXBuildFile; fileRef = 1FC454A82BAC029A004B398E /* SecondSubTableViewCell.swift */; };
		1FC454AB2BAC029A004B398E /* SecondSubTableViewCell.xib in Resources */ = {isa = PBXBuildFile; fileRef = 1FC454A92BAC029A004B398E /* SecondSubTableViewCell.xib */; };
		1FC454AE2BAC0A4D004B398E /* FirstSubCollectionViewCell.swift in Sources */ = {isa = PBXBuildFile; fileRef = 1FC454AC2BAC0A4D004B398E /* FirstSubCollectionViewCell.swift */; };
		1FC454AF2BAC0A4D004B398E /* FirstSubCollectionViewCell.xib in Resources */ = {isa = PBXBuildFile; fileRef = 1FC454AD2BAC0A4D004B398E /* FirstSubCollectionViewCell.xib */; };
		1FCCCFC72BB52ECB00CF720A /* Network.swift in Sources */ = {isa = PBXBuildFile; fileRef = 1FCCCFC62BB52ECB00CF720A /* Network.swift */; };
		1FCCCFCA2BB52EDD00CF720A /* AuthorModel.swift in Sources */ = {isa = PBXBuildFile; fileRef = 1FCCCFC92BB52EDD00CF720A /* AuthorModel.swift */; };
		1FCCCFCC2BB52EE200CF720A /* RandomUser.swift in Sources */ = {isa = PBXBuildFile; fileRef = 1FCCCFCB2BB52EE200CF720A /* RandomUser.swift */; };
		1FCCCFCE2BB52EE700CF720A /* NagerDate.swift in Sources */ = {isa = PBXBuildFile; fileRef = 1FCCCFCD2BB52EE700CF720A /* NagerDate.swift */; };
		1FCCCFD02BB5307100CF720A /* UserListModel.swift in Sources */ = {isa = PBXBuildFile; fileRef = 1FCCCFCF2BB5307100CF720A /* UserListModel.swift */; };
		1FCCCFD22BB544FA00CF720A /* ImageDownloadManager.swift in Sources */ = {isa = PBXBuildFile; fileRef = 1FCCCFD12BB544FA00CF720A /* ImageDownloadManager.swift */; };
		1FCCCFD42BB54FED00CF720A /* UserDetailModel.swift in Sources */ = {isa = PBXBuildFile; fileRef = 1FCCCFD32BB54FED00CF720A /* UserDetailModel.swift */; };
		1FCCCFD62BB5524800CF720A /* UserDetailViewController.swift in Sources */ = {isa = PBXBuildFile; fileRef = 1FCCCFD52BB5524800CF720A /* UserDetailViewController.swift */; };
		1FDE2C602BAD92E100A61BE0 /* SubTableViewCell.swift in Sources */ = {isa = PBXBuildFile; fileRef = 1FDE2C5E2BAD92E100A61BE0 /* SubTableViewCell.swift */; };
		1FDE2C612BAD92E100A61BE0 /* SubTableViewCell.xib in Resources */ = {isa = PBXBuildFile; fileRef = 1FDE2C5F2BAD92E100A61BE0 /* SubTableViewCell.xib */; };
		1FDF617C2BA9B964006D9556 /* PopUpViewController.swift in Sources */ = {isa = PBXBuildFile; fileRef = 1FDF617B2BA9B964006D9556 /* PopUpViewController.swift */; };
		1FED2EA32BA80C0900395C50 /* AppDelegate.swift in Sources */ = {isa = PBXBuildFile; fileRef = 1FED2EA22BA80C0900395C50 /* AppDelegate.swift */; };
		1FED2EA52BA80C0900395C50 /* SceneDelegate.swift in Sources */ = {isa = PBXBuildFile; fileRef = 1FED2EA42BA80C0900395C50 /* SceneDelegate.swift */; };
		1FED2EA72BA80C0900395C50 /* ViewController.swift in Sources */ = {isa = PBXBuildFile; fileRef = 1FED2EA62BA80C0900395C50 /* ViewController.swift */; };
		1FED2EAA2BA80C0900395C50 /* Main.storyboard in Resources */ = {isa = PBXBuildFile; fileRef = 1FED2EA82BA80C0900395C50 /* Main.storyboard */; };
		1FED2EAC2BA80C0B00395C50 /* Assets.xcassets in Resources */ = {isa = PBXBuildFile; fileRef = 1FED2EAB2BA80C0B00395C50 /* Assets.xcassets */; };
		1FED2EAF2BA80C0B00395C50 /* LaunchScreen.storyboard in Resources */ = {isa = PBXBuildFile; fileRef = 1FED2EAD2BA80C0B00395C50 /* LaunchScreen.storyboard */; };
		1FED2EB72BA8118500395C50 /* ContactsViewController.swift in Sources */ = {isa = PBXBuildFile; fileRef = 1FED2EB62BA8118500395C50 /* ContactsViewController.swift */; };
		1FED2EBE2BA8145A00395C50 /* ContactCollectionViewCell.swift in Sources */ = {isa = PBXBuildFile; fileRef = 1FED2EBC2BA8145A00395C50 /* ContactCollectionViewCell.swift */; };
		1FED2EBF2BA8145A00395C50 /* ContactCollectionViewCell.xib in Resources */ = {isa = PBXBuildFile; fileRef = 1FED2EBD2BA8145A00395C50 /* ContactCollectionViewCell.xib */; };
		1FED2EC22BA81EE200395C50 /* ContactNmTableViewCell.swift in Sources */ = {isa = PBXBuildFile; fileRef = 1FED2EC02BA81EE200395C50 /* ContactNmTableViewCell.swift */; };
		1FED2EC32BA81EE200395C50 /* ContactNmTableViewCell.xib in Resources */ = {isa = PBXBuildFile; fileRef = 1FED2EC12BA81EE200395C50 /* ContactNmTableViewCell.xib */; };
/* End PBXBuildFile section */

/* Begin PBXFileReference section */
		1F88F0CA2BA95B5800C0D831 /* UIcolor.swift */ = {isa = PBXFileReference; lastKnownFileType = sourcecode.swift; path = UIcolor.swift; sourceTree = "<group>"; };
		1F88F0CC2BA99C9500C0D831 /* PlusViewController.swift */ = {isa = PBXFileReference; lastKnownFileType = sourcecode.swift; path = PlusViewController.swift; sourceTree = "<group>"; };
		1F88F0CE2BA9A1B600C0D831 /* DetailTableViewCell.swift */ = {isa = PBXFileReference; lastKnownFileType = sourcecode.swift; path = DetailTableViewCell.swift; sourceTree = "<group>"; };
		1F88F0CF2BA9A1B600C0D831 /* DetailTableViewCell.xib */ = {isa = PBXFileReference; lastKnownFileType = file.xib; path = DetailTableViewCell.xib; sourceTree = "<group>"; };
		1F90137F2BB5666C00A2AD1C /* UserDetailTableViewCell.swift */ = {isa = PBXFileReference; lastKnownFileType = sourcecode.swift; path = UserDetailTableViewCell.swift; sourceTree = "<group>"; };
		1F9013802BB5666C00A2AD1C /* UserDetailTableViewCell.xib */ = {isa = PBXFileReference; lastKnownFileType = file.xib; path = UserDetailTableViewCell.xib; sourceTree = "<group>"; };
		1FBB1E152BAAA4C500177941 /* SideMenuViewController.swift */ = {isa = PBXFileReference; lastKnownFileType = sourcecode.swift; path = SideMenuViewController.swift; sourceTree = "<group>"; };
		1FBB1E1B2BAAE89100177941 /* CreateLabelViewController.swift */ = {isa = PBXFileReference; lastKnownFileType = sourcecode.swift; path = CreateLabelViewController.swift; sourceTree = "<group>"; };
		1FBB1E1D2BAB141B00177941 /* ManageViewController.swift */ = {isa = PBXFileReference; lastKnownFileType = sourcecode.swift; path = ManageViewController.swift; sourceTree = "<group>"; };
		1FC4549E2BABFC0F004B398E /* HighlightsViewController.swift */ = {isa = PBXFileReference; lastKnownFileType = sourcecode.swift; path = HighlightsViewController.swift; sourceTree = "<group>"; };
		1FC454A02BAC017F004B398E /* FirstTableViewCell.swift */ = {isa = PBXFileReference; lastKnownFileType = sourcecode.swift; path = FirstTableViewCell.swift; sourceTree = "<group>"; };
		1FC454A12BAC017F004B398E /* FirstTableViewCell.xib */ = {isa = PBXFileReference; lastKnownFileType = file.xib; path = FirstTableViewCell.xib; sourceTree = "<group>"; };
		1FC454A42BAC020E004B398E /* SecondTableViewCell.swift */ = {isa = PBXFileReference; lastKnownFileType = sourcecode.swift; path = SecondTableViewCell.swift; sourceTree = "<group>"; };
		1FC454A52BAC020E004B398E /* SecondTableViewCell.xib */ = {isa = PBXFileReference; lastKnownFileType = file.xib; path = SecondTableViewCell.xib; sourceTree = "<group>"; };
		1FC454A82BAC029A004B398E /* SecondSubTableViewCell.swift */ = {isa = PBXFileReference; lastKnownFileType = sourcecode.swift; path = SecondSubTableViewCell.swift; sourceTree = "<group>"; };
		1FC454A92BAC029A004B398E /* SecondSubTableViewCell.xib */ = {isa = PBXFileReference; lastKnownFileType = file.xib; path = SecondSubTableViewCell.xib; sourceTree = "<group>"; };
		1FC454AC2BAC0A4D004B398E /* FirstSubCollectionViewCell.swift */ = {isa = PBXFileReference; lastKnownFileType = sourcecode.swift; path = FirstSubCollectionViewCell.swift; sourceTree = "<group>"; };
		1FC454AD2BAC0A4D004B398E /* FirstSubCollectionViewCell.xib */ = {isa = PBXFileReference; lastKnownFileType = file.xib; path = FirstSubCollectionViewCell.xib; sourceTree = "<group>"; };
		1FCCCFC62BB52ECB00CF720A /* Network.swift */ = {isa = PBXFileReference; fileEncoding = 4; lastKnownFileType = sourcecode.swift; path = Network.swift; sourceTree = "<group>"; };
		1FCCCFC92BB52EDD00CF720A /* AuthorModel.swift */ = {isa = PBXFileReference; fileEncoding = 4; lastKnownFileType = sourcecode.swift; path = AuthorModel.swift; sourceTree = "<group>"; };
		1FCCCFCB2BB52EE200CF720A /* RandomUser.swift */ = {isa = PBXFileReference; fileEncoding = 4; lastKnownFileType = sourcecode.swift; path = RandomUser.swift; sourceTree = "<group>"; };
		1FCCCFCD2BB52EE700CF720A /* NagerDate.swift */ = {isa = PBXFileReference; fileEncoding = 4; lastKnownFileType = sourcecode.swift; path = NagerDate.swift; sourceTree = "<group>"; };
		1FCCCFCF2BB5307100CF720A /* UserListModel.swift */ = {isa = PBXFileReference; lastKnownFileType = sourcecode.swift; path = UserListModel.swift; sourceTree = "<group>"; };
		1FCCCFD12BB544FA00CF720A /* ImageDownloadManager.swift */ = {isa = PBXFileReference; fileEncoding = 4; lastKnownFileType = sourcecode.swift; path = ImageDownloadManager.swift; sourceTree = "<group>"; };
		1FCCCFD32BB54FED00CF720A /* UserDetailModel.swift */ = {isa = PBXFileReference; lastKnownFileType = sourcecode.swift; path = UserDetailModel.swift; sourceTree = "<group>"; };
		1FCCCFD52BB5524800CF720A /* UserDetailViewController.swift */ = {isa = PBXFileReference; lastKnownFileType = sourcecode.swift; path = UserDetailViewController.swift; sourceTree = "<group>"; };
		1FDE2C5E2BAD92E100A61BE0 /* SubTableViewCell.swift */ = {isa = PBXFileReference; lastKnownFileType = sourcecode.swift; path = SubTableViewCell.swift; sourceTree = "<group>"; };
		1FDE2C5F2BAD92E100A61BE0 /* SubTableViewCell.xib */ = {isa = PBXFileReference; lastKnownFileType = file.xib; path = SubTableViewCell.xib; sourceTree = "<group>"; };
		1FDF617B2BA9B964006D9556 /* PopUpViewController.swift */ = {isa = PBXFileReference; lastKnownFileType = sourcecode.swift; path = PopUpViewController.swift; sourceTree = "<group>"; };
		1FED2E9F2BA80C0900395C50 /* 18_Task.app */ = {isa = PBXFileReference; explicitFileType = wrapper.application; includeInIndex = 0; path = 18_Task.app; sourceTree = BUILT_PRODUCTS_DIR; };
		1FED2EA22BA80C0900395C50 /* AppDelegate.swift */ = {isa = PBXFileReference; lastKnownFileType = sourcecode.swift; path = AppDelegate.swift; sourceTree = "<group>"; };
		1FED2EA42BA80C0900395C50 /* SceneDelegate.swift */ = {isa = PBXFileReference; lastKnownFileType = sourcecode.swift; path = SceneDelegate.swift; sourceTree = "<group>"; };
		1FED2EA62BA80C0900395C50 /* ViewController.swift */ = {isa = PBXFileReference; lastKnownFileType = sourcecode.swift; path = ViewController.swift; sourceTree = "<group>"; };
		1FED2EA92BA80C0900395C50 /* Base */ = {isa = PBXFileReference; lastKnownFileType = file.storyboard; name = Base; path = Base.lproj/Main.storyboard; sourceTree = "<group>"; };
		1FED2EAB2BA80C0B00395C50 /* Assets.xcassets */ = {isa = PBXFileReference; lastKnownFileType = folder.assetcatalog; path = Assets.xcassets; sourceTree = "<group>"; };
		1FED2EAE2BA80C0B00395C50 /* Base */ = {isa = PBXFileReference; lastKnownFileType = file.storyboard; name = Base; path = Base.lproj/LaunchScreen.storyboard; sourceTree = "<group>"; };
		1FED2EB02BA80C0B00395C50 /* Info.plist */ = {isa = PBXFileReference; lastKnownFileType = text.plist.xml; path = Info.plist; sourceTree = "<group>"; };
		1FED2EB62BA8118500395C50 /* ContactsViewController.swift */ = {isa = PBXFileReference; lastKnownFileType = sourcecode.swift; path = ContactsViewController.swift; sourceTree = "<group>"; };
		1FED2EBC2BA8145A00395C50 /* ContactCollectionViewCell.swift */ = {isa = PBXFileReference; lastKnownFileType = sourcecode.swift; path = ContactCollectionViewCell.swift; sourceTree = "<group>"; };
		1FED2EBD2BA8145A00395C50 /* ContactCollectionViewCell.xib */ = {isa = PBXFileReference; lastKnownFileType = file.xib; path = ContactCollectionViewCell.xib; sourceTree = "<group>"; };
		1FED2EC02BA81EE200395C50 /* ContactNmTableViewCell.swift */ = {isa = PBXFileReference; lastKnownFileType = sourcecode.swift; path = ContactNmTableViewCell.swift; sourceTree = "<group>"; };
		1FED2EC12BA81EE200395C50 /* ContactNmTableViewCell.xib */ = {isa = PBXFileReference; lastKnownFileType = file.xib; path = ContactNmTableViewCell.xib; sourceTree = "<group>"; };
/* End PBXFileReference section */

/* Begin PBXFrameworksBuildPhase section */
		1FED2E9C2BA80C0900395C50 /* Frameworks */ = {
			isa = PBXFrameworksBuildPhase;
			buildActionMask = 2147483647;
			files = (
			);
			runOnlyForDeploymentPostprocessing = 0;
		};
/* End PBXFrameworksBuildPhase section */

/* Begin PBXGroup section */
		1F88F0C92BA95B4100C0D831 /* Extensions */ = {
			isa = PBXGroup;
			children = (
				1F88F0CA2BA95B5800C0D831 /* UIcolor.swift */,
			);
			path = Extensions;
			sourceTree = "<group>";
		};
		1FC5612C2BB3ECBB00866A4F /* Network */ = {
			isa = PBXGroup;
			children = (
				1FCCCFC62BB52ECB00CF720A /* Network.swift */,
				1FCCCFD12BB544FA00CF720A /* ImageDownloadManager.swift */,
			);
			path = Network;
			sourceTree = "<group>";
		};
		1FCCCFC82BB52ED000CF720A /* Model */ = {
			isa = PBXGroup;
			children = (
				1FCCCFC92BB52EDD00CF720A /* AuthorModel.swift */,
				1FCCCFCB2BB52EE200CF720A /* RandomUser.swift */,
				1FCCCFCD2BB52EE700CF720A /* NagerDate.swift */,
				1FCCCFCF2BB5307100CF720A /* UserListModel.swift */,
				1FCCCFD32BB54FED00CF720A /* UserDetailModel.swift */,
			);
			path = Model;
			sourceTree = "<group>";
		};
		1FED2E962BA80C0900395C50 = {
			isa = PBXGroup;
			children = (
				1FED2EA12BA80C0900395C50 /* 18_Task */,
				1FED2EA02BA80C0900395C50 /* Products */,
			);
			sourceTree = "<group>";
		};
		1FED2EA02BA80C0900395C50 /* Products */ = {
			isa = PBXGroup;
			children = (
				1FED2E9F2BA80C0900395C50 /* 18_Task.app */,
			);
			name = Products;
			sourceTree = "<group>";
		};
		1FED2EA12BA80C0900395C50 /* 18_Task */ = {
			isa = PBXGroup;
			children = (
				1FCCCFC82BB52ED000CF720A /* Model */,
				1FC5612C2BB3ECBB00866A4F /* Network */,
				1F88F0C92BA95B4100C0D831 /* Extensions */,
				1FED2EA22BA80C0900395C50 /* AppDelegate.swift */,
				1FED2EA42BA80C0900395C50 /* SceneDelegate.swift */,
				1FED2EA62BA80C0900395C50 /* ViewController.swift */,
				1FDF617B2BA9B964006D9556 /* PopUpViewController.swift */,
				1FED2EA82BA80C0900395C50 /* Main.storyboard */,
				1FCCCFD52BB5524800CF720A /* UserDetailViewController.swift */,
				1FC454A02BAC017F004B398E /* FirstTableViewCell.swift */,
				1FC454A12BAC017F004B398E /* FirstTableViewCell.xib */,
				1FC454A42BAC020E004B398E /* SecondTableViewCell.swift */,
				1FC454A52BAC020E004B398E /* SecondTableViewCell.xib */,
				1FC454A82BAC029A004B398E /* SecondSubTableViewCell.swift */,
				1FC454A92BAC029A004B398E /* SecondSubTableViewCell.xib */,
				1FC454AC2BAC0A4D004B398E /* FirstSubCollectionViewCell.swift */,
				1FC454AD2BAC0A4D004B398E /* FirstSubCollectionViewCell.xib */,
				1FC4549E2BABFC0F004B398E /* HighlightsViewController.swift */,
				1FBB1E1D2BAB141B00177941 /* ManageViewController.swift */,
				1FBB1E1B2BAAE89100177941 /* CreateLabelViewController.swift */,
				1FBB1E152BAAA4C500177941 /* SideMenuViewController.swift */,
				1F88F0CE2BA9A1B600C0D831 /* DetailTableViewCell.swift */,
				1FDE2C5E2BAD92E100A61BE0 /* SubTableViewCell.swift */,
				1FDE2C5F2BAD92E100A61BE0 /* SubTableViewCell.xib */,
				1F88F0CF2BA9A1B600C0D831 /* DetailTableViewCell.xib */,
				1F88F0CC2BA99C9500C0D831 /* PlusViewController.swift */,
				1FED2EC02BA81EE200395C50 /* ContactNmTableViewCell.swift */,
				1FED2EC12BA81EE200395C50 /* ContactNmTableViewCell.xib */,
				1FED2EB62BA8118500395C50 /* ContactsViewController.swift */,
				1FED2EAB2BA80C0B00395C50 /* Assets.xcassets */,
				1FED2EAD2BA80C0B00395C50 /* LaunchScreen.storyboard */,
				1FED2EB02BA80C0B00395C50 /* Info.plist */,
				1FED2EBC2BA8145A00395C50 /* ContactCollectionViewCell.swift */,
				1FED2EBD2BA8145A00395C50 /* ContactCollectionViewCell.xib */,
				1F90137F2BB5666C00A2AD1C /* UserDetailTableViewCell.swift */,
				1F9013802BB5666C00A2AD1C /* UserDetailTableViewCell.xib */,
			);
			path = 18_Task;
			sourceTree = "<group>";
		};
/* End PBXGroup section */

/* Begin PBXNativeTarget section */
		1FED2E9E2BA80C0900395C50 /* 18_Task */ = {
			isa = PBXNativeTarget;
			buildConfigurationList = 1FED2EB32BA80C0B00395C50 /* Build configuration list for PBXNativeTarget "18_Task" */;
			buildPhases = (
				1FED2E9B2BA80C0900395C50 /* Sources */,
				1FED2E9C2BA80C0900395C50 /* Frameworks */,
				1FED2E9D2BA80C0900395C50 /* Resources */,
			);
			buildRules = (
			);
			dependencies = (
			);
			name = 18_Task;
			productName = 18_Task;
			productReference = 1FED2E9F2BA80C0900395C50 /* 18_Task.app */;
			productType = "com.apple.product-type.application";
		};
/* End PBXNativeTarget section */

/* Begin PBXProject section */
		1FED2E972BA80C0900395C50 /* Project object */ = {
			isa = PBXProject;
			attributes = {
				BuildIndependentTargetsInParallel = 1;
				LastSwiftUpdateCheck = 1520;
				LastUpgradeCheck = 1520;
				TargetAttributes = {
					1FED2E9E2BA80C0900395C50 = {
						CreatedOnToolsVersion = 15.2;
					};
				};
			};
			buildConfigurationList = 1FED2E9A2BA80C0900395C50 /* Build configuration list for PBXProject "18_Task" */;
			compatibilityVersion = "Xcode 14.0";
			developmentRegion = en;
			hasScannedForEncodings = 0;
			knownRegions = (
				en,
				Base,
			);
			mainGroup = 1FED2E962BA80C0900395C50;
			productRefGroup = 1FED2EA02BA80C0900395C50 /* Products */;
			projectDirPath = "";
			projectRoot = "";
			targets = (
				1FED2E9E2BA80C0900395C50 /* 18_Task */,
			);
		};
/* End PBXProject section */

/* Begin PBXResourcesBuildPhase section */
		1FED2E9D2BA80C0900395C50 /* Resources */ = {
			isa = PBXResourcesBuildPhase;
			buildActionMask = 2147483647;
			files = (
				1FC454AB2BAC029A004B398E /* SecondSubTableViewCell.xib in Resources */,
				1F88F0D12BA9A1B600C0D831 /* DetailTableViewCell.xib in Resources */,
				1FC454A32BAC017F004B398E /* FirstTableViewCell.xib in Resources */,
				1FED2EAF2BA80C0B00395C50 /* LaunchScreen.storyboard in Resources */,
				1FED2EC32BA81EE200395C50 /* ContactNmTableViewCell.xib in Resources */,
				1FED2EBF2BA8145A00395C50 /* ContactCollectionViewCell.xib in Resources */,
				1FED2EAC2BA80C0B00395C50 /* Assets.xcassets in Resources */,
				1FDE2C612BAD92E100A61BE0 /* SubTableViewCell.xib in Resources */,
				1FED2EAA2BA80C0900395C50 /* Main.storyboard in Resources */,
				1F9013822BB5666C00A2AD1C /* UserDetailTableViewCell.xib in Resources */,
				1FC454AF2BAC0A4D004B398E /* FirstSubCollectionViewCell.xib in Resources */,
				1FC454A72BAC020E004B398E /* SecondTableViewCell.xib in Resources */,
			);
			runOnlyForDeploymentPostprocessing = 0;
		};
/* End PBXResourcesBuildPhase section */

/* Begin PBXSourcesBuildPhase section */
		1FED2E9B2BA80C0900395C50 /* Sources */ = {
			isa = PBXSourcesBuildPhase;
			buildActionMask = 2147483647;
			files = (
				1FCCCFD02BB5307100CF720A /* UserListModel.swift in Sources */,
				1FC454AA2BAC029A004B398E /* SecondSubTableViewCell.swift in Sources */,
				1FED2EA72BA80C0900395C50 /* ViewController.swift in Sources */,
				1FED2EBE2BA8145A00395C50 /* ContactCollectionViewCell.swift in Sources */,
				1F88F0CB2BA95B5800C0D831 /* UIcolor.swift in Sources */,
				1FCCCFC72BB52ECB00CF720A /* Network.swift in Sources */,
				1FED2EB72BA8118500395C50 /* ContactsViewController.swift in Sources */,
				1FBB1E1E2BAB141B00177941 /* ManageViewController.swift in Sources */,
				1FBB1E162BAAA4C500177941 /* SideMenuViewController.swift in Sources */,
				1FED2EA32BA80C0900395C50 /* AppDelegate.swift in Sources */,
				1FCCCFCC2BB52EE200CF720A /* RandomUser.swift in Sources */,
				1FCCCFCA2BB52EDD00CF720A /* AuthorModel.swift in Sources */,
				1FDF617C2BA9B964006D9556 /* PopUpViewController.swift in Sources */,
				1FCCCFD62BB5524800CF720A /* UserDetailViewController.swift in Sources */,
				1FED2EA52BA80C0900395C50 /* SceneDelegate.swift in Sources */,
				1FBB1E1C2BAAE89100177941 /* CreateLabelViewController.swift in Sources */,
				1FC454A62BAC020E004B398E /* SecondTableViewCell.swift in Sources */,
				1F88F0CD2BA99C9500C0D831 /* PlusViewController.swift in Sources */,
				1FED2EC22BA81EE200395C50 /* ContactNmTableViewCell.swift in Sources */,
				1FCCCFD22BB544FA00CF720A /* ImageDownloadManager.swift in Sources */,
				1FC454AE2BAC0A4D004B398E /* FirstSubCollectionViewCell.swift in Sources */,
				1FC4549F2BABFC0F004B398E /* HighlightsViewController.swift in Sources */,
				1FC454A22BAC017F004B398E /* FirstTableViewCell.swift in Sources */,
				1FCCCFCE2BB52EE700CF720A /* NagerDate.swift in Sources */,
				1FDE2C602BAD92E100A61BE0 /* SubTableViewCell.swift in Sources */,
				1FCCCFD42BB54FED00CF720A /* UserDetailModel.swift in Sources */,
				1F88F0D02BA9A1B600C0D831 /* DetailTableViewCell.swift in Sources */,
				1F9013812BB5666C00A2AD1C /* UserDetailTableViewCell.swift in Sources */,
			);
			runOnlyForDeploymentPostprocessing = 0;
		};
/* End PBXSourcesBuildPhase section */

/* Begin PBXVariantGroup section */
		1FED2EA82BA80C0900395C50 /* Main.storyboard */ = {
			isa = PBXVariantGroup;
			children = (
				1FED2EA92BA80C0900395C50 /* Base */,
			);
			name = Main.storyboard;
			sourceTree = "<group>";
		};
		1FED2EAD2BA80C0B00395C50 /* LaunchScreen.storyboard */ = {
			isa = PBXVariantGroup;
			children = (
				1FED2EAE2BA80C0B00395C50 /* Base */,
			);
			name = LaunchScreen.storyboard;
			sourceTree = "<group>";
		};
/* End PBXVariantGroup section */

/* Begin XCBuildConfiguration section */
		1FED2EB12BA80C0B00395C50 /* Debug */ = {
			isa = XCBuildConfiguration;
			buildSettings = {
				ALWAYS_SEARCH_USER_PATHS = NO;
				ASSETCATALOG_COMPILER_GENERATE_SWIFT_ASSET_SYMBOL_EXTENSIONS = YES;
				CLANG_ANALYZER_NONNULL = YES;
				CLANG_ANALYZER_NUMBER_OBJECT_CONVERSION = YES_AGGRESSIVE;
				CLANG_CXX_LANGUAGE_STANDARD = "gnu++20";
				CLANG_ENABLE_MODULES = YES;
				CLANG_ENABLE_OBJC_ARC = YES;
				CLANG_ENABLE_OBJC_WEAK = YES;
				CLANG_WARN_BLOCK_CAPTURE_AUTORELEASING = YES;
				CLANG_WARN_BOOL_CONVERSION = YES;
				CLANG_WARN_COMMA = YES;
				CLANG_WARN_CONSTANT_CONVERSION = YES;
				CLANG_WARN_DEPRECATED_OBJC_IMPLEMENTATIONS = YES;
				CLANG_WARN_DIRECT_OBJC_ISA_USAGE = YES_ERROR;
				CLANG_WARN_DOCUMENTATION_COMMENTS = YES;
				CLANG_WARN_EMPTY_BODY = YES;
				CLANG_WARN_ENUM_CONVERSION = YES;
				CLANG_WARN_INFINITE_RECURSION = YES;
				CLANG_WARN_INT_CONVERSION = YES;
				CLANG_WARN_NON_LITERAL_NULL_CONVERSION = YES;
				CLANG_WARN_OBJC_IMPLICIT_RETAIN_SELF = YES;
				CLANG_WARN_OBJC_LITERAL_CONVERSION = YES;
				CLANG_WARN_OBJC_ROOT_CLASS = YES_ERROR;
				CLANG_WARN_QUOTED_INCLUDE_IN_FRAMEWORK_HEADER = YES;
				CLANG_WARN_RANGE_LOOP_ANALYSIS = YES;
				CLANG_WARN_STRICT_PROTOTYPES = YES;
				CLANG_WARN_SUSPICIOUS_MOVE = YES;
				CLANG_WARN_UNGUARDED_AVAILABILITY = YES_AGGRESSIVE;
				CLANG_WARN_UNREACHABLE_CODE = YES;
				CLANG_WARN__DUPLICATE_METHOD_MATCH = YES;
				COPY_PHASE_STRIP = NO;
				DEBUG_INFORMATION_FORMAT = dwarf;
				ENABLE_STRICT_OBJC_MSGSEND = YES;
				ENABLE_TESTABILITY = YES;
				ENABLE_USER_SCRIPT_SANDBOXING = YES;
				GCC_C_LANGUAGE_STANDARD = gnu17;
				GCC_DYNAMIC_NO_PIC = NO;
				GCC_NO_COMMON_BLOCKS = YES;
				GCC_OPTIMIZATION_LEVEL = 0;
				GCC_PREPROCESSOR_DEFINITIONS = (
					"DEBUG=1",
					"$(inherited)",
				);
				GCC_WARN_64_TO_32_BIT_CONVERSION = YES;
				GCC_WARN_ABOUT_RETURN_TYPE = YES_ERROR;
				GCC_WARN_UNDECLARED_SELECTOR = YES;
				GCC_WARN_UNINITIALIZED_AUTOS = YES_AGGRESSIVE;
				GCC_WARN_UNUSED_FUNCTION = YES;
				GCC_WARN_UNUSED_VARIABLE = YES;
				IPHONEOS_DEPLOYMENT_TARGET = 17.2;
				LOCALIZATION_PREFERS_STRING_CATALOGS = YES;
				MTL_ENABLE_DEBUG_INFO = INCLUDE_SOURCE;
				MTL_FAST_MATH = YES;
				ONLY_ACTIVE_ARCH = YES;
				SDKROOT = iphoneos;
				SWIFT_ACTIVE_COMPILATION_CONDITIONS = "DEBUG $(inherited)";
				SWIFT_OPTIMIZATION_LEVEL = "-Onone";
			};
			name = Debug;
		};
		1FED2EB22BA80C0B00395C50 /* Release */ = {
			isa = XCBuildConfiguration;
			buildSettings = {
				ALWAYS_SEARCH_USER_PATHS = NO;
				ASSETCATALOG_COMPILER_GENERATE_SWIFT_ASSET_SYMBOL_EXTENSIONS = YES;
				CLANG_ANALYZER_NONNULL = YES;
				CLANG_ANALYZER_NUMBER_OBJECT_CONVERSION = YES_AGGRESSIVE;
				CLANG_CXX_LANGUAGE_STANDARD = "gnu++20";
				CLANG_ENABLE_MODULES = YES;
				CLANG_ENABLE_OBJC_ARC = YES;
				CLANG_ENABLE_OBJC_WEAK = YES;
				CLANG_WARN_BLOCK_CAPTURE_AUTORELEASING = YES;
				CLANG_WARN_BOOL_CONVERSION = YES;
				CLANG_WARN_COMMA = YES;
				CLANG_WARN_CONSTANT_CONVERSION = YES;
				CLANG_WARN_DEPRECATED_OBJC_IMPLEMENTATIONS = YES;
				CLANG_WARN_DIRECT_OBJC_ISA_USAGE = YES_ERROR;
				CLANG_WARN_DOCUMENTATION_COMMENTS = YES;
				CLANG_WARN_EMPTY_BODY = YES;
				CLANG_WARN_ENUM_CONVERSION = YES;
				CLANG_WARN_INFINITE_RECURSION = YES;
				CLANG_WARN_INT_CONVERSION = YES;
				CLANG_WARN_NON_LITERAL_NULL_CONVERSION = YES;
				CLANG_WARN_OBJC_IMPLICIT_RETAIN_SELF = YES;
				CLANG_WARN_OBJC_LITERAL_CONVERSION = YES;
				CLANG_WARN_OBJC_ROOT_CLASS = YES_ERROR;
				CLANG_WARN_QUOTED_INCLUDE_IN_FRAMEWORK_HEADER = YES;
				CLANG_WARN_RANGE_LOOP_ANALYSIS = YES;
				CLANG_WARN_STRICT_PROTOTYPES = YES;
				CLANG_WARN_SUSPICIOUS_MOVE = YES;
				CLANG_WARN_UNGUARDED_AVAILABILITY = YES_AGGRESSIVE;
				CLANG_WARN_UNREACHABLE_CODE = YES;
				CLANG_WARN__DUPLICATE_METHOD_MATCH = YES;
				COPY_PHASE_STRIP = NO;
				DEBUG_INFORMATION_FORMAT = "dwarf-with-dsym";
				ENABLE_NS_ASSERTIONS = NO;
				ENABLE_STRICT_OBJC_MSGSEND = YES;
				ENABLE_USER_SCRIPT_SANDBOXING = YES;
				GCC_C_LANGUAGE_STANDARD = gnu17;
				GCC_NO_COMMON_BLOCKS = YES;
				GCC_WARN_64_TO_32_BIT_CONVERSION = YES;
				GCC_WARN_ABOUT_RETURN_TYPE = YES_ERROR;
				GCC_WARN_UNDECLARED_SELECTOR = YES;
				GCC_WARN_UNINITIALIZED_AUTOS = YES_AGGRESSIVE;
				GCC_WARN_UNUSED_FUNCTION = YES;
				GCC_WARN_UNUSED_VARIABLE = YES;
				IPHONEOS_DEPLOYMENT_TARGET = 17.2;
				LOCALIZATION_PREFERS_STRING_CATALOGS = YES;
				MTL_ENABLE_DEBUG_INFO = NO;
				MTL_FAST_MATH = YES;
				SDKROOT = iphoneos;
				SWIFT_COMPILATION_MODE = wholemodule;
				VALIDATE_PRODUCT = YES;
			};
			name = Release;
		};
		1FED2EB42BA80C0B00395C50 /* Debug */ = {
			isa = XCBuildConfiguration;
			buildSettings = {
				ASSETCATALOG_COMPILER_APPICON_NAME = AppIcon;
				ASSETCATALOG_COMPILER_GLOBAL_ACCENT_COLOR_NAME = AccentColor;
				CODE_SIGN_STYLE = Automatic;
				CURRENT_PROJECT_VERSION = 1;
				GENERATE_INFOPLIST_FILE = YES;
				INFOPLIST_FILE = 18_Task/Info.plist;
				INFOPLIST_KEY_UIApplicationSupportsIndirectInputEvents = YES;
				INFOPLIST_KEY_UILaunchStoryboardName = LaunchScreen;
				INFOPLIST_KEY_UIMainStoryboardFile = Main;
				INFOPLIST_KEY_UISupportedInterfaceOrientations_iPad = "UIInterfaceOrientationPortrait UIInterfaceOrientationPortraitUpsideDown UIInterfaceOrientationLandscapeLeft UIInterfaceOrientationLandscapeRight";
				INFOPLIST_KEY_UISupportedInterfaceOrientations_iPhone = "UIInterfaceOrientationPortrait UIInterfaceOrientationLandscapeLeft UIInterfaceOrientationLandscapeRight";
				LD_RUNPATH_SEARCH_PATHS = (
					"$(inherited)",
					"@executable_path/Frameworks",
				);
				MARKETING_VERSION = 1.0;
				PRODUCT_BUNDLE_IDENTIFIER = "wollo.-8-Task";
				PRODUCT_NAME = "$(TARGET_NAME)";
				SWIFT_EMIT_LOC_STRINGS = YES;
				SWIFT_VERSION = 5.0;
				TARGETED_DEVICE_FAMILY = "1,2";
			};
			name = Debug;
		};
		1FED2EB52BA80C0B00395C50 /* Release */ = {
			isa = XCBuildConfiguration;
			buildSettings = {
				ASSETCATALOG_COMPILER_APPICON_NAME = AppIcon;
				ASSETCATALOG_COMPILER_GLOBAL_ACCENT_COLOR_NAME = AccentColor;
				CODE_SIGN_STYLE = Automatic;
				CURRENT_PROJECT_VERSION = 1;
				GENERATE_INFOPLIST_FILE = YES;
				INFOPLIST_FILE = 18_Task/Info.plist;
				INFOPLIST_KEY_UIApplicationSupportsIndirectInputEvents = YES;
				INFOPLIST_KEY_UILaunchStoryboardName = LaunchScreen;
				INFOPLIST_KEY_UIMainStoryboardFile = Main;
				INFOPLIST_KEY_UISupportedInterfaceOrientations_iPad = "UIInterfaceOrientationPortrait UIInterfaceOrientationPortraitUpsideDown UIInterfaceOrientationLandscapeLeft UIInterfaceOrientationLandscapeRight";
				INFOPLIST_KEY_UISupportedInterfaceOrientations_iPhone = "UIInterfaceOrientationPortrait UIInterfaceOrientationLandscapeLeft UIInterfaceOrientationLandscapeRight";
				LD_RUNPATH_SEARCH_PATHS = (
					"$(inherited)",
					"@executable_path/Frameworks",
				);
				MARKETING_VERSION = 1.0;
				PRODUCT_BUNDLE_IDENTIFIER = "wollo.-8-Task";
				PRODUCT_NAME = "$(TARGET_NAME)";
				SWIFT_EMIT_LOC_STRINGS = YES;
				SWIFT_VERSION = 5.0;
				TARGETED_DEVICE_FAMILY = "1,2";
			};
			name = Release;
		};
/* End XCBuildConfiguration section */

/* Begin XCConfigurationList section */
		1FED2E9A2BA80C0900395C50 /* Build configuration list for PBXProject "18_Task" */ = {
			isa = XCConfigurationList;
			buildConfigurations = (
				1FED2EB12BA80C0B00395C50 /* Debug */,
				1FED2EB22BA80C0B00395C50 /* Release */,
			);
			defaultConfigurationIsVisible = 0;
			defaultConfigurationName = Release;
		};
		1FED2EB32BA80C0B00395C50 /* Build configuration list for PBXNativeTarget "18_Task" */ = {
			isa = XCConfigurationList;
			buildConfigurations = (
				1FED2EB42BA80C0B00395C50 /* Debug */,
				1FED2EB52BA80C0B00395C50 /* Release */,
			);
			defaultConfigurationIsVisible = 0;
			defaultConfigurationName = Release;
		};
/* End XCConfigurationList section */
	};
	rootObject = 1FED2E972BA80C0900395C50 /* Project object */;
}
